
Microsoft Visual Studio Solution File, Format Version 12.00
# Visual Studio Version 17
VisualStudioVersion = 17.12.35527.113
MinimumVisualStudioVersion = 10.0.40219.1
Project("{FAE04EC0-301F-11D3-BF4B-00C04F79EFBC}") = "BioAlgorithm.Test", "BioAlgorithm.Test\BioAlgorithm.Test.csproj", "{E7C74219-E21D-4889-B2E1-789F32CC80F4}"
EndProject
Project("{FAE04EC0-301F-11D3-BF4B-00C04F79EFBC}") = "RepresentativesSetTest", "RepresentativesSetTest\RepresentativesSetTest.csproj", "{7D25E979-6B47-48FA-93C2-D41792E6FAC6}"
EndProject
Project("{FAE04EC0-301F-11D3-BF4B-00C04F79EFBC}") = "ArticulationPointsTest", "ArticulationPointsTest\ArticulationPointsTest.csproj", "{70D0B4BB-A434-463A-94E3-9741178D4C66}"
EndProject
Project("{FAE04EC0-301F-11D3-BF4B-00C04F79EFBC}") = "CommonLibraryTest", "CommonLibraryTest\CommonLibraryTest.csproj", "{5819225C-3C0D-41D2-8FC9-0B7F0C278E51}"
EndProject
Project("{FAE04EC0-301F-11D3-BF4B-00C04F79EFBC}") = "CompareSortTest", "CompareSortTest\CompareSortTest.csproj", "{D738989E-339B-4EB1-B9F5-107877764AD6}"
EndProject
Project("{FAE04EC0-301F-11D3-BF4B-00C04F79EFBC}") = "DNAMappingTest", "DNAMappingTest\DNAMappingTest.csproj", "{543C3C77-6711-41C7-B75E-7BD544B24345}"
EndProject
Project("{FAE04EC0-301F-11D3-BF4B-00C04F79EFBC}") = "ExactStringCompareTest", "ExactStringCompareTest\ExactStringCompareTest.csproj", "{3706F70C-A364-4622-9D0F-C2192536C3CF}"
EndProject
Project("{FAE04EC0-301F-11D3-BF4B-00C04F79EFBC}") = "PermitationTest", "PermitationTest\PermitationTest.csproj", "{5F8067F1-3BBE-42B3-A3E0-AF60E807999C}"
EndProject
Project("{FAE04EC0-301F-11D3-BF4B-00C04F79EFBC}") = "RegulatoryMotifsTest", "RegulatoryMotifsTest\RegulatoryMotifsTest.csproj", "{F5675F8D-7C55-4FC7-8180-3CDA3DE349AF}"
EndProject
Project("{FAE04EC0-301F-11D3-BF4B-00C04F79EFBC}") = "TravellingSalesmanTest", "TravellingSalesmanTest\TravellingSalesmanTest.csproj", "{887C25E6-F75C-4F3D-AA11-C7BA49326432}"
EndProject
Project("{2150E333-8FDC-42A3-9474-1A3956D46DE8}") = "Algorithm", "Algorithm", "{81E14EB5-1045-4C6E-A155-06E8C2C6894B}"
EndProject
Project("{2150E333-8FDC-42A3-9474-1A3956D46DE8}") = "Algorithm.Test", "Algorithm.Test", "{D995009C-13C9-4972-9501-1A4D634F0D3B}"
EndProject
Project("{FAE04EC0-301F-11D3-BF4B-00C04F79EFBC}") = "RepresentativesSet", "RepresentativesSet\RepresentativesSet.csproj", "{F89C8B30-7195-45F0-88D7-9CA07E21DC69}"
EndProject
Project("{2150E333-8FDC-42A3-9474-1A3956D46DE8}") = "DAL", "DAL", "{9C345CD8-A148-4D83-B56C-ABEE7AE9D8E2}"
EndProject
Project("{FAE04EC0-301F-11D3-BF4B-00C04F79EFBC}") = "Representatives.Data", "ClassLibrary1\Representatives.Data.csproj", "{666B43C8-A180-4B4B-80AF-E3B3F73C2B3B}"
EndProject
Project("{2150E333-8FDC-42A3-9474-1A3956D46DE8}") = "Statistics", "Statistics", "{DE8D9DF1-7228-4273-8BDF-C263CAF0EABA}"
EndProject
Project("{FAE04EC0-301F-11D3-BF4B-00C04F79EFBC}") = "StatisticsStorage", "StatisticsStorage\StatisticsStorage.csproj", "{475C38D6-BD97-455C-A52D-AFA461C533F7}"
EndProject
Project("{2150E333-8FDC-42A3-9474-1A3956D46DE8}") = "Base", "Base", "{2AD7DA7C-DD80-4546-9B4E-98B805907883}"
EndProject
Project("{FAE04EC0-301F-11D3-BF4B-00C04F79EFBC}") = "BaseContract", "BaseContract\BaseContract.csproj", "{B8C5FEDA-931E-439F-9661-D533D482352B}"
EndProject
Global
	GlobalSection(SolutionConfigurationPlatforms) = preSolution
		Debug|Any CPU = Debug|Any CPU
		Release|Any CPU = Release|Any CPU
	EndGlobalSection
	GlobalSection(ProjectConfigurationPlatforms) = postSolution
		{E7C74219-E21D-4889-B2E1-789F32CC80F4}.Debug|Any CPU.ActiveCfg = Debug|Any CPU
		{E7C74219-E21D-4889-B2E1-789F32CC80F4}.Debug|Any CPU.Build.0 = Debug|Any CPU
		{E7C74219-E21D-4889-B2E1-789F32CC80F4}.Release|Any CPU.ActiveCfg = Release|Any CPU
		{E7C74219-E21D-4889-B2E1-789F32CC80F4}.Release|Any CPU.Build.0 = Release|Any CPU
		{7D25E979-6B47-48FA-93C2-D41792E6FAC6}.Debug|Any CPU.ActiveCfg = Debug|Any CPU
		{7D25E979-6B47-48FA-93C2-D41792E6FAC6}.Debug|Any CPU.Build.0 = Debug|Any CPU
		{7D25E979-6B47-48FA-93C2-D41792E6FAC6}.Release|Any CPU.ActiveCfg = Release|Any CPU
		{7D25E979-6B47-48FA-93C2-D41792E6FAC6}.Release|Any CPU.Build.0 = Release|Any CPU
		{70D0B4BB-A434-463A-94E3-9741178D4C66}.Debug|Any CPU.ActiveCfg = Debug|Any CPU
		{70D0B4BB-A434-463A-94E3-9741178D4C66}.Debug|Any CPU.Build.0 = Debug|Any CPU
		{70D0B4BB-A434-463A-94E3-9741178D4C66}.Release|Any CPU.ActiveCfg = Release|Any CPU
		{70D0B4BB-A434-463A-94E3-9741178D4C66}.Release|Any CPU.Build.0 = Release|Any CPU
		{5819225C-3C0D-41D2-8FC9-0B7F0C278E51}.Debug|Any CPU.ActiveCfg = Debug|Any CPU
		{5819225C-3C0D-41D2-8FC9-0B7F0C278E51}.Debug|Any CPU.Build.0 = Debug|Any CPU
		{5819225C-3C0D-41D2-8FC9-0B7F0C278E51}.Release|Any CPU.ActiveCfg = Release|Any CPU
		{5819225C-3C0D-41D2-8FC9-0B7F0C278E51}.Release|Any CPU.Build.0 = Release|Any CPU
		{D738989E-339B-4EB1-B9F5-107877764AD6}.Debug|Any CPU.ActiveCfg = Debug|Any CPU
		{D738989E-339B-4EB1-B9F5-107877764AD6}.Debug|Any CPU.Build.0 = Debug|Any CPU
		{D738989E-339B-4EB1-B9F5-107877764AD6}.Release|Any CPU.ActiveCfg = Release|Any CPU
		{D738989E-339B-4EB1-B9F5-107877764AD6}.Release|Any CPU.Build.0 = Release|Any CPU
		{543C3C77-6711-41C7-B75E-7BD544B24345}.Debug|Any CPU.ActiveCfg = Debug|Any CPU
		{543C3C77-6711-41C7-B75E-7BD544B24345}.Debug|Any CPU.Build.0 = Debug|Any CPU
		{543C3C77-6711-41C7-B75E-7BD544B24345}.Release|Any CPU.ActiveCfg = Release|Any CPU
		{543C3C77-6711-41C7-B75E-7BD544B24345}.Release|Any CPU.Build.0 = Release|Any CPU
		{3706F70C-A364-4622-9D0F-C2192536C3CF}.Debug|Any CPU.ActiveCfg = Debug|Any CPU
		{3706F70C-A364-4622-9D0F-C2192536C3CF}.Debug|Any CPU.Build.0 = Debug|Any CPU
		{3706F70C-A364-4622-9D0F-C2192536C3CF}.Release|Any CPU.ActiveCfg = Release|Any CPU
		{3706F70C-A364-4622-9D0F-C2192536C3CF}.Release|Any CPU.Build.0 = Release|Any CPU
		{5F8067F1-3BBE-42B3-A3E0-AF60E807999C}.Debug|Any CPU.ActiveCfg = Debug|Any CPU
		{5F8067F1-3BBE-42B3-A3E0-AF60E807999C}.Debug|Any CPU.Build.0 = Debug|Any CPU
		{5F8067F1-3BBE-42B3-A3E0-AF60E807999C}.Release|Any CPU.ActiveCfg = Release|Any CPU
		{5F8067F1-3BBE-42B3-A3E0-AF60E807999C}.Release|Any CPU.Build.0 = Release|Any CPU
		{F5675F8D-7C55-4FC7-8180-3CDA3DE349AF}.Debug|Any CPU.ActiveCfg = Debug|Any CPU
		{F5675F8D-7C55-4FC7-8180-3CDA3DE349AF}.Debug|Any CPU.Build.0 = Debug|Any CPU
		{F5675F8D-7C55-4FC7-8180-3CDA3DE349AF}.Release|Any CPU.ActiveCfg = Release|Any CPU
		{F5675F8D-7C55-4FC7-8180-3CDA3DE349AF}.Release|Any CPU.Build.0 = Release|Any CPU
		{887C25E6-F75C-4F3D-AA11-C7BA49326432}.Debug|Any CPU.ActiveCfg = Debug|Any CPU
		{887C25E6-F75C-4F3D-AA11-C7BA49326432}.Debug|Any CPU.Build.0 = Debug|Any CPU
		{887C25E6-F75C-4F3D-AA11-C7BA49326432}.Release|Any CPU.ActiveCfg = Release|Any CPU
		{887C25E6-F75C-4F3D-AA11-C7BA49326432}.Release|Any CPU.Build.0 = Release|Any CPU
		{F89C8B30-7195-45F0-88D7-9CA07E21DC69}.Debug|Any CPU.ActiveCfg = Debug|Any CPU
		{F89C8B30-7195-45F0-88D7-9CA07E21DC69}.Debug|Any CPU.Build.0 = Debug|Any CPU
		{F89C8B30-7195-45F0-88D7-9CA07E21DC69}.Release|Any CPU.ActiveCfg = Release|Any CPU
		{F89C8B30-7195-45F0-88D7-9CA07E21DC69}.Release|Any CPU.Build.0 = Release|Any CPU
		{666B43C8-A180-4B4B-80AF-E3B3F73C2B3B}.Debug|Any CPU.ActiveCfg = Debug|Any CPU
		{666B43C8-A180-4B4B-80AF-E3B3F73C2B3B}.Debug|Any CPU.Build.0 = Debug|Any CPU
		{666B43C8-A180-4B4B-80AF-E3B3F73C2B3B}.Release|Any CPU.ActiveCfg = Release|Any CPU
		{666B43C8-A180-4B4B-80AF-E3B3F73C2B3B}.Release|Any CPU.Build.0 = Release|Any CPU
		{475C38D6-BD97-455C-A52D-AFA461C533F7}.Debug|Any CPU.ActiveCfg = Debug|Any CPU
		{475C38D6-BD97-455C-A52D-AFA461C533F7}.Debug|Any CPU.Build.0 = Debug|Any CPU
		{475C38D6-BD97-455C-A52D-AFA461C533F7}.Release|Any CPU.ActiveCfg = Release|Any CPU
		{475C38D6-BD97-455C-A52D-AFA461C533F7}.Release|Any CPU.Build.0 = Release|Any CPU
		{B8C5FEDA-931E-439F-9661-D533D482352B}.Debug|Any CPU.ActiveCfg = Debug|Any CPU
		{B8C5FEDA-931E-439F-9661-D533D482352B}.Debug|Any CPU.Build.0 = Debug|Any CPU
		{B8C5FEDA-931E-439F-9661-D533D482352B}.Release|Any CPU.ActiveCfg = Release|Any CPU
		{B8C5FEDA-931E-439F-9661-D533D482352B}.Release|Any CPU.Build.0 = Release|Any CPU
	EndGlobalSection
	GlobalSection(SolutionProperties) = preSolution
		HideSolutionNode = FALSE
	EndGlobalSection
	GlobalSection(NestedProjects) = preSolution
		{7D25E979-6B47-48FA-93C2-D41792E6FAC6} = {D995009C-13C9-4972-9501-1A4D634F0D3B}
		{70D0B4BB-A434-463A-94E3-9741178D4C66} = {D995009C-13C9-4972-9501-1A4D634F0D3B}
		{5819225C-3C0D-41D2-8FC9-0B7F0C278E51} = {D995009C-13C9-4972-9501-1A4D634F0D3B}
		{D738989E-339B-4EB1-B9F5-107877764AD6} = {D995009C-13C9-4972-9501-1A4D634F0D3B}
		{543C3C77-6711-41C7-B75E-7BD544B24345} = {D995009C-13C9-4972-9501-1A4D634F0D3B}
		{3706F70C-A364-4622-9D0F-C2192536C3CF} = {D995009C-13C9-4972-9501-1A4D634F0D3B}
		{5F8067F1-3BBE-42B3-A3E0-AF60E807999C} = {D995009C-13C9-4972-9501-1A4D634F0D3B}
		{F5675F8D-7C55-4FC7-8180-3CDA3DE349AF} = {D995009C-13C9-4972-9501-1A4D634F0D3B}
		{887C25E6-F75C-4F3D-AA11-C7BA49326432} = {D995009C-13C9-4972-9501-1A4D634F0D3B}
		{F89C8B30-7195-45F0-88D7-9CA07E21DC69} = {81E14EB5-1045-4C6E-A155-06E8C2C6894B}
		{666B43C8-A180-4B4B-80AF-E3B3F73C2B3B} = {9C345CD8-A148-4D83-B56C-ABEE7AE9D8E2}
		{475C38D6-BD97-455C-A52D-AFA461C533F7} = {DE8D9DF1-7228-4273-8BDF-C263CAF0EABA}
		{B8C5FEDA-931E-439F-9661-D533D482352B} = {2AD7DA7C-DD80-4546-9B4E-98B805907883}
	EndGlobalSection
EndGlobal
